
Microsoft Visual Studio Solution File, Format Version 12.00
# Visual Studio 14
VisualStudioVersion = 14.0.25420.1
MinimumVisualStudioVersion = 10.0.40219.1
Project("{2150E333-8FDC-42A3-9474-1A3956D46DE8}") = "src", "src", "{BF6F3CF3-9636-42CE-B532-E528B7D69C4B}"
EndProject
Project("{2150E333-8FDC-42A3-9474-1A3956D46DE8}") = "Solution Items", "Solution Items", "{F43723A1-79DC-4239-BD2B-A1C91ACB2059}"
	ProjectSection(SolutionItems) = preProject
		global.json = global.json
	EndProjectSection
EndProject
Project("{8BB2217D-0F2D-49D1-97BC-3654ED321F3B}") = "Kdram", "src\Kdram\Kdram.xproj", "{C9FED9BE-AC20-4A12-8D84-0D1584ADC3D5}"
EndProject
Project("{2150E333-8FDC-42A3-9474-1A3956D46DE8}") = "BussinesLayer", "BussinesLayer", "{52897B68-2114-46D4-8807-D5A65EB42C13}"
EndProject
Project("{2150E333-8FDC-42A3-9474-1A3956D46DE8}") = "DataAccessLayer", "DataAccessLayer", "{BBC485F1-9255-4D7B-A031-62322CBD3E6C}"
EndProject
Project("{2150E333-8FDC-42A3-9474-1A3956D46DE8}") = "DataBase", "DataBase", "{EE9A994C-6E28-4A61-928E-F47656D49E72}"
EndProject
Project("{2150E333-8FDC-42A3-9474-1A3956D46DE8}") = "Tests", "Tests", "{96933328-6BBD-4447-AF64-20FD9ED5CED5}"
EndProject
Project("{8BB2217D-0F2D-49D1-97BC-3654ED321F3B}") = "Kdram.Abstraction", "Kdram.Abstraction\Kdram.Abstraction.xproj", "{A9BE33F0-BAD6-4BA8-8718-3A4A083090CA}"
EndProject
Project("{8BB2217D-0F2D-49D1-97BC-3654ED321F3B}") = "Kdram.BussinesLogic", "Kdram.BussinesLogic\Kdram.BussinesLogic.xproj", "{8A7A9E69-1281-427D-A5A8-2FE9798FE671}"
EndProject
Project("{8BB2217D-0F2D-49D1-97BC-3654ED321F3B}") = "Kdram.Models", "Kdram.Models\Kdram.Models.xproj", "{476A6DBE-87C9-4A9E-AD6E-8DBAD92EF427}"
EndProject
Project("{8BB2217D-0F2D-49D1-97BC-3654ED321F3B}") = "Kdram.DataAccess", "Kdram.DataAccess\Kdram.DataAccess.xproj", "{CD8F7B58-83C2-4202-B056-050DDBD82095}"
EndProject
Project("{8BB2217D-0F2D-49D1-97BC-3654ED321F3B}") = "Kdram.DbMap", "Kdram.DbMap\Kdram.DbMap.xproj", "{0D0DB9A9-B9C5-4407-99E7-C1966090F7EC}"
EndProject
Global
	GlobalSection(SolutionConfigurationPlatforms) = preSolution
		Debug|Any CPU = Debug|Any CPU
		Release|Any CPU = Release|Any CPU
	EndGlobalSection
	GlobalSection(ProjectConfigurationPlatforms) = postSolution
		{C9FED9BE-AC20-4A12-8D84-0D1584ADC3D5}.Debug|Any CPU.ActiveCfg = Debug|Any CPU
		{C9FED9BE-AC20-4A12-8D84-0D1584ADC3D5}.Debug|Any CPU.Build.0 = Debug|Any CPU
		{C9FED9BE-AC20-4A12-8D84-0D1584ADC3D5}.Release|Any CPU.ActiveCfg = Release|Any CPU
		{C9FED9BE-AC20-4A12-8D84-0D1584ADC3D5}.Release|Any CPU.Build.0 = Release|Any CPU
		{A9BE33F0-BAD6-4BA8-8718-3A4A083090CA}.Debug|Any CPU.ActiveCfg = Debug|Any CPU
		{A9BE33F0-BAD6-4BA8-8718-3A4A083090CA}.Debug|Any CPU.Build.0 = Debug|Any CPU
		{A9BE33F0-BAD6-4BA8-8718-3A4A083090CA}.Release|Any CPU.ActiveCfg = Release|Any CPU
		{A9BE33F0-BAD6-4BA8-8718-3A4A083090CA}.Release|Any CPU.Build.0 = Release|Any CPU
		{8A7A9E69-1281-427D-A5A8-2FE9798FE671}.Debug|Any CPU.ActiveCfg = Debug|Any CPU
		{8A7A9E69-1281-427D-A5A8-2FE9798FE671}.Debug|Any CPU.Build.0 = Debug|Any CPU
		{8A7A9E69-1281-427D-A5A8-2FE9798FE671}.Release|Any CPU.ActiveCfg = Release|Any CPU
		{8A7A9E69-1281-427D-A5A8-2FE9798FE671}.Release|Any CPU.Build.0 = Release|Any CPU
		{476A6DBE-87C9-4A9E-AD6E-8DBAD92EF427}.Debug|Any CPU.ActiveCfg = Debug|Any CPU
		{476A6DBE-87C9-4A9E-AD6E-8DBAD92EF427}.Debug|Any CPU.Build.0 = Debug|Any CPU
		{476A6DBE-87C9-4A9E-AD6E-8DBAD92EF427}.Release|Any CPU.ActiveCfg = Release|Any CPU
		{476A6DBE-87C9-4A9E-AD6E-8DBAD92EF427}.Release|Any CPU.Build.0 = Release|Any CPU
		{CD8F7B58-83C2-4202-B056-050DDBD82095}.Debug|Any CPU.ActiveCfg = Debug|Any CPU
		{CD8F7B58-83C2-4202-B056-050DDBD82095}.Debug|Any CPU.Build.0 = Debug|Any CPU
		{CD8F7B58-83C2-4202-B056-050DDBD82095}.Release|Any CPU.ActiveCfg = Release|Any CPU
		{CD8F7B58-83C2-4202-B056-050DDBD82095}.Release|Any CPU.Build.0 = Release|Any CPU
		{0D0DB9A9-B9C5-4407-99E7-C1966090F7EC}.Debug|Any CPU.ActiveCfg = Debug|Any CPU
		{0D0DB9A9-B9C5-4407-99E7-C1966090F7EC}.Debug|Any CPU.Build.0 = Debug|Any CPU
		{0D0DB9A9-B9C5-4407-99E7-C1966090F7EC}.Release|Any CPU.ActiveCfg = Release|Any CPU
		{0D0DB9A9-B9C5-4407-99E7-C1966090F7EC}.Release|Any CPU.Build.0 = Release|Any CPU
	EndGlobalSection
	GlobalSection(SolutionProperties) = preSolution
		HideSolutionNode = FALSE
	EndGlobalSection
	GlobalSection(NestedProjects) = preSolution
		{C9FED9BE-AC20-4A12-8D84-0D1584ADC3D5} = {BF6F3CF3-9636-42CE-B532-E528B7D69C4B}
		{A9BE33F0-BAD6-4BA8-8718-3A4A083090CA} = {52897B68-2114-46D4-8807-D5A65EB42C13}
		{8A7A9E69-1281-427D-A5A8-2FE9798FE671} = {52897B68-2114-46D4-8807-D5A65EB42C13}
		{476A6DBE-87C9-4A9E-AD6E-8DBAD92EF427} = {52897B68-2114-46D4-8807-D5A65EB42C13}
		{CD8F7B58-83C2-4202-B056-050DDBD82095} = {BBC485F1-9255-4D7B-A031-62322CBD3E6C}
		{0D0DB9A9-B9C5-4407-99E7-C1966090F7EC} = {BBC485F1-9255-4D7B-A031-62322CBD3E6C}
	EndGlobalSection
EndGlobal
