
Microsoft Visual Studio Solution File, Format Version 12.00
# Visual Studio 14
VisualStudioVersion = 14.0.25123.0
MinimumVisualStudioVersion = 10.0.40219.1
Project("{FAE04EC0-301F-11D3-BF4B-00C04F79EFBC}") = "Store.MVC", "Store.MVC\Store.MVC.csproj", "{532AB996-0E28-41A1-B05D-87F1F9E0495B}"
EndProject
Project("{FAE04EC0-301F-11D3-BF4B-00C04F79EFBC}") = "DAL", "DAL\DAL.csproj", "{29E32237-F8F3-4A13-84D2-7FC370D268FF}"
EndProject
Project("{FAE04EC0-301F-11D3-BF4B-00C04F79EFBC}") = "ClassLibrary1", "ClassLibrary1\ClassLibrary1.csproj", "{1DFF77A1-8BD1-4927-9A10-F599A6377243}"
EndProject
Global
	GlobalSection(SolutionConfigurationPlatforms) = preSolution
		Debug|Any CPU = Debug|Any CPU
		Release|Any CPU = Release|Any CPU
	EndGlobalSection
	GlobalSection(ProjectConfigurationPlatforms) = postSolution
		{532AB996-0E28-41A1-B05D-87F1F9E0495B}.Debug|Any CPU.ActiveCfg = Debug|Any CPU
		{532AB996-0E28-41A1-B05D-87F1F9E0495B}.Debug|Any CPU.Build.0 = Debug|Any CPU
		{532AB996-0E28-41A1-B05D-87F1F9E0495B}.Release|Any CPU.ActiveCfg = Release|Any CPU
		{532AB996-0E28-41A1-B05D-87F1F9E0495B}.Release|Any CPU.Build.0 = Release|Any CPU
		{29E32237-F8F3-4A13-84D2-7FC370D268FF}.Debug|Any CPU.ActiveCfg = Debug|Any CPU
		{29E32237-F8F3-4A13-84D2-7FC370D268FF}.Debug|Any CPU.Build.0 = Debug|Any CPU
		{29E32237-F8F3-4A13-84D2-7FC370D268FF}.Release|Any CPU.ActiveCfg = Release|Any CPU
		{29E32237-F8F3-4A13-84D2-7FC370D268FF}.Release|Any CPU.Build.0 = Release|Any CPU
		{1DFF77A1-8BD1-4927-9A10-F599A6377243}.Debug|Any CPU.ActiveCfg = Debug|Any CPU
		{1DFF77A1-8BD1-4927-9A10-F599A6377243}.Debug|Any CPU.Build.0 = Debug|Any CPU
		{1DFF77A1-8BD1-4927-9A10-F599A6377243}.Release|Any CPU.ActiveCfg = Release|Any CPU
		{1DFF77A1-8BD1-4927-9A10-F599A6377243}.Release|Any CPU.Build.0 = Release|Any CPU
	EndGlobalSection
	GlobalSection(SolutionProperties) = preSolution
		HideSolutionNode = FALSE
	EndGlobalSection
EndGlobal
